
Microsoft Visual Studio Solution File, Format Version 12.00
# Visual Studio Version 16
VisualStudioVersion = 16.0.30002.166
MinimumVisualStudioVersion = 10.0.40219.1
Project("{888888A0-9F3D-457C-B088-3A5042F75D52}") = "ScrapingApplication", "ScrapingApplication\ScrapingApplication.pyproj", "{AFBA17D4-3231-42C4-8C8B-F6D683D49B5D}"
EndProject
Global
	GlobalSection(SolutionConfigurationPlatforms) = preSolution
		Debug|Any CPU = Debug|Any CPU
		Release|Any CPU = Release|Any CPU
	EndGlobalSection
	GlobalSection(ProjectConfigurationPlatforms) = postSolution
		{AFBA17D4-3231-42C4-8C8B-F6D683D49B5D}.Debug|Any CPU.ActiveCfg = Debug|Any CPU
		{AFBA17D4-3231-42C4-8C8B-F6D683D49B5D}.Release|Any CPU.ActiveCfg = Release|Any CPU
	EndGlobalSection
	GlobalSection(SolutionProperties) = preSolution
		HideSolutionNode = FALSE
	EndGlobalSection
	GlobalSection(ExtensibilityGlobals) = postSolution
		SolutionGuid = {239A580A-9C47-4245-A8A0-E2745D5CDAC0}
	EndGlobalSection
EndGlobal
